<?xml version="1.0" encoding="utf-8"?>
<Project ToolsVersion="4.0" xmlns="http://schemas.microsoft.com/developer/msbuild/2003">
  <ItemGroup>
    <Filter Include="Source Files">
      <UniqueIdentifier>{c5908b68-c079-4e3b-9abc-b8fc19d67879}</UniqueIdentifier>
      <Extensions>cpp;c;cxx;def;odl;idl;hpj;bat;asm</Extensions>
    </Filter>
    <Filter Include="Header Files">
      <UniqueIdentifier>{cf8414ab-0f9e-4142-8e9c-dffcefff0f76}</UniqueIdentifier>
      <Extensions>h;hpp;hxx;hm;inl;inc</Extensions>
    </Filter>
  </ItemGroup>
  <ItemGroup>
    <None Include="filter_arm.S">
      <Filter>Source Files</Filter>
    </None>
    <None Include="COPYING" />
    <None Include="README" />
  </ItemGroup>
  <ItemGroup>
    <ClCompile Include="libtta.cpp">
      <Filter>Source Files</Filter>
    </ClCompile>
  </ItemGroup>
  <ItemGroup>
    <ClInclude Include="config.h">
      <Filter>Header Files</Filter>
    </ClInclude>
    <ClInclude Include="filter.h">
      <Filter>Header Files</Filter>
    </ClInclude>
    <ClInclude Include="libtta.h">
      <Filter>Header Files</Filter>
    </ClInclude>
  </ItemGroup>
</Project>